{
  "version": "1",
  "sources": {
    "git-hooks.nix": {
      "type": "GitHub",
      "fetchType": "tarball",
      "owner": "cachix",
      "repo": "git-hooks.nix",
      "branch": "master",
      "revision": "623c56286de5a3193aa38891a6991b28f9bab056",
      "url": "https://github.com/cachix/git-hooks.nix/archive/623c56286de5a3193aa38891a6991b28f9bab056.tar.gz",
      "hash": "sha256-WUaIlOlPLyPgz9be7fqWJA5iG6rHcGRtLERSCfUDne4="
    },
    "nix-reuse": {
      "type": "Git",
      "fetchType": "git",
      "branch": "main",
      "revision": "3cd77b6fd38b767452c6493c8f41187ffc302e39",
      "url": "https://git.dgnum.eu/DGNum/nix-reuse.git",
      "hash": "sha256-oxTsDpEDl32B1fih/kT9uG8QmpIqqYPWhgkmJQWq1rw=",
      "lastModified": 1756467183,
      "submodules": false
    },
    "nixpkgs": {
      "type": "GitHub",
      "fetchType": "tarball",
      "owner": "NixOS",
      "repo": "nixpkgs",
      "branch": "nixpkgs-unstable",
      "revision": "076e8c6678d8c54204abcb4b1b14c366835a58bb",
      "url": "https://github.com/NixOS/nixpkgs/archive/076e8c6678d8c54204abcb4b1b14c366835a58bb.tar.gz",
      "hash": "sha256-1ovgdmuDYVo5OUC5NzdF+V4zx2uT8RtsgZahxidBTyw="
    },
    "sprinkles": {
      "type": "Git",
      "fetchType": "git",
      "branch": "v1",
      "revision": "73fc40e9c2af5a8d3dfe7f6b67776b039188a2b6",
      "url": "https://git.afnix.fr/sprinkles/sprinkles.git",
      "hash": "sha256-0nXFeLrjz0zTt4QRd5EouAlC2Bl6JFHydKqB+oe97Zc=",
      "lastModified": 1756180715,
      "submodules": false
    }
  }
}
