{
  "version": "1",
  "sources": {
    "nixpkgs": {
      "type": "GitHub",
      "fetchType": "tarball",
      "owner": "NixOS",
      "repo": "nixpkgs",
      "branch": "nixpkgs-unstable",
      "revision": "08fcb0dcb59d",
      "url": "https://github.com/NixOS/nixpkgs/archive/08fcb0dcb59d.tar.gz",
      "hash": "sha256-HXIQzULIG/MEUW2Q/Ss47oE3QrjxvpUX7gUl4Xp6lnc="
    }
  }
}
