{
  "version": "1",
  "sources": {
    "git-hooks.nix": {
      "type": "GitHub",
      "fetchType": "tarball",
      "owner": "cachix",
      "repo": "git-hooks.nix",
      "branch": "master",
      "revision": "623c56286de5a3193aa38891a6991b28f9bab056",
      "url": "https://github.com/cachix/git-hooks.nix/archive/623c56286de5a3193aa38891a6991b28f9bab056.tar.gz",
      "hash": "sha256-WUaIlOlPLyPgz9be7fqWJA5iG6rHcGRtLERSCfUDne4="
    },
    "nix-reuse": {
      "type": "Git",
      "fetchType": "git",
      "branch": "main",
      "revision": "45633dc6a0512cbbb010bc615b5d1b6e46e57597",
      "url": "https://git.dgnum.eu/DGNum/nix-reuse.git",
      "hash": "sha256-xr63AvDLp+RS0F7qwuOoWNENuepPbpuHLe4VPS85XBQ=",
      "lastModified": 1737547777,
      "submodules": false
    },
    "nixpkgs": {
      "type": "GitHub",
      "fetchType": "tarball",
      "owner": "NixOS",
      "repo": "nixpkgs",
      "branch": "nixpkgs-unstable",
      "revision": "076e8c6678d8c54204abcb4b1b14c366835a58bb",
      "url": "https://github.com/NixOS/nixpkgs/archive/076e8c6678d8c54204abcb4b1b14c366835a58bb.tar.gz",
      "hash": "sha256-1ovgdmuDYVo5OUC5NzdF+V4zx2uT8RtsgZahxidBTyw="
    }
  }
}
