{
  "version": "1",
  "sources": {
    "nixpkgs": {
      "type": "GitHub",
      "fetchType": "tarball",
      "owner": "NixOS",
      "repo": "nixpkgs",
      "branch": "nixpkgs-unstable",
      "revision": "076e8c6678d8c54204abcb4b1b14c366835a58bb",
      "url": "https://github.com/NixOS/nixpkgs/archive/076e8c6678d8c54204abcb4b1b14c366835a58bb.tar.gz",
      "hash": "sha256-1ovgdmuDYVo5OUC5NzdF+V4zx2uT8RtsgZahxidBTyw="
    }
  }
}
